PODS:
  - KeyboardSpy (1.0)
  - Material (2.10.2):
    - Material/Core (= 2.10.2)
  - Material/Core (2.10.2)
  - SnapKit (4.0.0)

DEPENDENCIES:
  - KeyboardSpy (from `../`)
  - Material
  - SnapKit

EXTERNAL SOURCES:
  KeyboardSpy:
    :path: ../

SPEC CHECKSUMS:
  KeyboardSpy: edb2ab362c69d4b98b41b5a46b773e65209c2b87
  Material: 8265a77332acfb7872a7fd0f4f2023f080d25d1f
  SnapKit: a42d492c16e80209130a3379f73596c3454b7694

PODFILE CHECKSUM: 2b0ce6efee22339689fc03eb885c560a62beee10

COCOAPODS: 1.3.1
